
Microsoft Visual Studio Solution File, Format Version 12.00
# Visual Studio 15
Project("{FAE04EC0-301F-11D3-BF4B-00C04F79EFBC}") = "SteamVR", "SteamVR.csproj", "{80F14AD4-2066-24B6-FE55-CA55E3E11556}"
EndProject
Project("{FAE04EC0-301F-11D3-BF4B-00C04F79EFBC}") = "Assembly-CSharp", "Assembly-CSharp.csproj", "{1BF36BAE-195A-3396-8AB6-ADFAAD9D3B27}"
EndProject
Project("{FAE04EC0-301F-11D3-BF4B-00C04F79EFBC}") = "SteamVR_Actions", "SteamVR_Actions.csproj", "{783B8E3E-3D10-B168-AEBA-4C49A1E37695}"
EndProject
Project("{FAE04EC0-301F-11D3-BF4B-00C04F79EFBC}") = "SteamVR_Editor", "SteamVR_Editor.csproj", "{AA8FA3F4-BC24-5060-2801-4483825A9521}"
EndProject
Project("{FAE04EC0-301F-11D3-BF4B-00C04F79EFBC}") = "SteamVR_Input_Editor", "SteamVR_Input_Editor.csproj", "{7BCB57BD-CDA0-9D65-A887-81CD77238763}"
EndProject
Project("{FAE04EC0-301F-11D3-BF4B-00C04F79EFBC}") = "SteamVR_Windows_EditorHelper", "SteamVR_Windows_EditorHelper.csproj", "{C7CE2C62-F72E-65FE-B46C-52871F7DD80E}"
EndProject
Global
	GlobalSection(SolutionConfigurationPlatforms) = preSolution
		Debug|Any CPU = Debug|Any CPU
		Release|Any CPU = Release|Any CPU
	EndGlobalSection
	GlobalSection(ProjectConfigurationPlatforms) = postSolution
		{80F14AD4-2066-24B6-FE55-CA55E3E11556}.Debug|Any CPU.ActiveCfg = Debug|Any CPU
		{80F14AD4-2066-24B6-FE55-CA55E3E11556}.Debug|Any CPU.Build.0 = Debug|Any CPU
		{80F14AD4-2066-24B6-FE55-CA55E3E11556}.Release|Any CPU.ActiveCfg = Release|Any CPU
		{80F14AD4-2066-24B6-FE55-CA55E3E11556}.Release|Any CPU.Build.0 = Release|Any CPU
		{1BF36BAE-195A-3396-8AB6-ADFAAD9D3B27}.Debug|Any CPU.ActiveCfg = Debug|Any CPU
		{1BF36BAE-195A-3396-8AB6-ADFAAD9D3B27}.Debug|Any CPU.Build.0 = Debug|Any CPU
		{1BF36BAE-195A-3396-8AB6-ADFAAD9D3B27}.Release|Any CPU.ActiveCfg = Release|Any CPU
		{1BF36BAE-195A-3396-8AB6-ADFAAD9D3B27}.Release|Any CPU.Build.0 = Release|Any CPU
		{783B8E3E-3D10-B168-AEBA-4C49A1E37695}.Debug|Any CPU.ActiveCfg = Debug|Any CPU
		{783B8E3E-3D10-B168-AEBA-4C49A1E37695}.Debug|Any CPU.Build.0 = Debug|Any CPU
		{783B8E3E-3D10-B168-AEBA-4C49A1E37695}.Release|Any CPU.ActiveCfg = Release|Any CPU
		{783B8E3E-3D10-B168-AEBA-4C49A1E37695}.Release|Any CPU.Build.0 = Release|Any CPU
		{AA8FA3F4-BC24-5060-2801-4483825A9521}.Debug|Any CPU.ActiveCfg = Debug|Any CPU
		{AA8FA3F4-BC24-5060-2801-4483825A9521}.Debug|Any CPU.Build.0 = Debug|Any CPU
		{AA8FA3F4-BC24-5060-2801-4483825A9521}.Release|Any CPU.ActiveCfg = Release|Any CPU
		{AA8FA3F4-BC24-5060-2801-4483825A9521}.Release|Any CPU.Build.0 = Release|Any CPU
		{7BCB57BD-CDA0-9D65-A887-81CD77238763}.Debug|Any CPU.ActiveCfg = Debug|Any CPU
		{7BCB57BD-CDA0-9D65-A887-81CD77238763}.Debug|Any CPU.Build.0 = Debug|Any CPU
		{7BCB57BD-CDA0-9D65-A887-81CD77238763}.Release|Any CPU.ActiveCfg = Release|Any CPU
		{7BCB57BD-CDA0-9D65-A887-81CD77238763}.Release|Any CPU.Build.0 = Release|Any CPU
		{C7CE2C62-F72E-65FE-B46C-52871F7DD80E}.Debug|Any CPU.ActiveCfg = Debug|Any CPU
		{C7CE2C62-F72E-65FE-B46C-52871F7DD80E}.Debug|Any CPU.Build.0 = Debug|Any CPU
		{C7CE2C62-F72E-65FE-B46C-52871F7DD80E}.Release|Any CPU.ActiveCfg = Release|Any CPU
		{C7CE2C62-F72E-65FE-B46C-52871F7DD80E}.Release|Any CPU.Build.0 = Release|Any CPU
	EndGlobalSection
	GlobalSection(SolutionProperties) = preSolution
		HideSolutionNode = FALSE
	EndGlobalSection
EndGlobal
