
Microsoft Visual Studio Solution File, Format Version 11.00
# Visual Studio 2010
Project("{FAE04EC0-301F-11D3-BF4B-00C04F79EFBC}") = "Assembly-CSharp", "Assembly-CSharp.csproj", "{B8F2159D-082E-B7A8-566E-61A9CC8BF895}"
EndProject
Project("{FAE04EC0-301F-11D3-BF4B-00C04F79EFBC}") = "Assembly-CSharp-Editor", "Assembly-CSharp-Editor.csproj", "{30ED9ACE-34D6-2F7E-CD3F-41C001D03FAA}"
EndProject
Global
	GlobalSection(SolutionConfigurationPlatforms) = preSolution
		Debug|Any CPU = Debug|Any CPU
		Release|Any CPU = Release|Any CPU
	EndGlobalSection
	GlobalSection(ProjectConfigurationPlatforms) = postSolution
		{B8F2159D-082E-B7A8-566E-61A9CC8BF895}.Debug|Any CPU.ActiveCfg = Debug|Any CPU
		{B8F2159D-082E-B7A8-566E-61A9CC8BF895}.Debug|Any CPU.Build.0 = Debug|Any CPU
		{B8F2159D-082E-B7A8-566E-61A9CC8BF895}.Release|Any CPU.ActiveCfg = Release|Any CPU
		{B8F2159D-082E-B7A8-566E-61A9CC8BF895}.Release|Any CPU.Build.0 = Release|Any CPU
		{30ED9ACE-34D6-2F7E-CD3F-41C001D03FAA}.Debug|Any CPU.ActiveCfg = Debug|Any CPU
		{30ED9ACE-34D6-2F7E-CD3F-41C001D03FAA}.Debug|Any CPU.Build.0 = Debug|Any CPU
		{30ED9ACE-34D6-2F7E-CD3F-41C001D03FAA}.Release|Any CPU.ActiveCfg = Release|Any CPU
		{30ED9ACE-34D6-2F7E-CD3F-41C001D03FAA}.Release|Any CPU.Build.0 = Release|Any CPU
	EndGlobalSection
	GlobalSection(SolutionProperties) = preSolution
		HideSolutionNode = FALSE
	EndGlobalSection
EndGlobal
